
Microsoft Visual Studio Solution File, Format Version 12.00
# Visual Studio Version 17
VisualStudioVersion = 17.14.36121.58 d17.14
MinimumVisualStudioVersion = 10.0.40219.1
Project("{FAE04EC0-301F-11D3-BF4B-00C04F79EFBC}") = "CapsLockTone", "CapsLockTone\CapsLockTone.csproj", "{8907B5A0-49F1-4591-BC7A-841D37BCBFD6}"
EndProject
Global
	GlobalSection(SolutionConfigurationPlatforms) = preSolution
		Debug|Any CPU = Debug|Any CPU
		Release|Any CPU = Release|Any CPU
	EndGlobalSection
	GlobalSection(ProjectConfigurationPlatforms) = postSolution
		{8907B5A0-49F1-4591-BC7A-841D37BCBFD6}.Debug|Any CPU.ActiveCfg = Debug|Any CPU
		{8907B5A0-49F1-4591-BC7A-841D37BCBFD6}.Debug|Any CPU.Build.0 = Debug|Any CPU
		{8907B5A0-49F1-4591-BC7A-841D37BCBFD6}.Release|Any CPU.ActiveCfg = Release|Any CPU
		{8907B5A0-49F1-4591-BC7A-841D37BCBFD6}.Release|Any CPU.Build.0 = Release|Any CPU
	EndGlobalSection
	GlobalSection(SolutionProperties) = preSolution
		HideSolutionNode = FALSE
	EndGlobalSection
	GlobalSection(ExtensibilityGlobals) = postSolution
		SolutionGuid = {57C7D2F9-AA35-4B95-8FB5-E901A50957A9}
	EndGlobalSection
EndGlobal
